
Microsoft Visual Studio Solution File, Format Version 12.00
Project("{FAE04EC0-301F-11D3-BF4B-00C04F79EFBC}") = "SByteDev.Xamarin.Plugins.WebBrowser", "SByteDev.Xamarin.Plugins.WebBrowser\SByteDev.Xamarin.Plugins.WebBrowser.csproj", "{B7580161-8C5F-4E4B-A7AA-E81F5815F6B3}"
EndProject
Global
	GlobalSection(SolutionConfigurationPlatforms) = preSolution
		Debug|Any CPU = Debug|Any CPU
		Release|Any CPU = Release|Any CPU
	EndGlobalSection
	GlobalSection(ProjectConfigurationPlatforms) = postSolution
		{B7580161-8C5F-4E4B-A7AA-E81F5815F6B3}.Debug|Any CPU.ActiveCfg = Debug|Any CPU
		{B7580161-8C5F-4E4B-A7AA-E81F5815F6B3}.Debug|Any CPU.Build.0 = Debug|Any CPU
		{B7580161-8C5F-4E4B-A7AA-E81F5815F6B3}.Release|Any CPU.ActiveCfg = Release|Any CPU
		{B7580161-8C5F-4E4B-A7AA-E81F5815F6B3}.Release|Any CPU.Build.0 = Release|Any CPU
	EndGlobalSection
EndGlobal
